
Microsoft Visual Studio Solution File, Format Version 12.00
# Visual Studio Version 17
VisualStudioVersion = 17.10.35122.118
MinimumVisualStudioVersion = 10.0.40219.1
Project("{2150E333-8FDC-42A3-9474-1A3956D46DE8}") = "src", "src", "{865738B6-C2A9-4A6D-8FA9-07F2CF6754A5}"
EndProject
Project("{2150E333-8FDC-42A3-9474-1A3956D46DE8}") = "Building Blocks", "Building Blocks", "{836243D4-0B2D-4040-8C2A-5BCBB8095C02}"
EndProject
Project("{2150E333-8FDC-42A3-9474-1A3956D46DE8}") = "Services", "Services", "{1C5D5202-8C37-4848-8C68-12E77ABF00BE}"
EndProject
Project("{2150E333-8FDC-42A3-9474-1A3956D46DE8}") = "Web", "Web", "{57D5F51B-440D-44A0-9299-1AB8AF0E835E}"
EndProject
Project("{2150E333-8FDC-42A3-9474-1A3956D46DE8}") = "Identidade", "Identidade", "{75DBF52A-1803-40D0-8CC1-C3A6F2F113C8}"
EndProject
Project("{9A19103F-16F7-4668-BE54-9A1E7A4F7556}") = "NSE.Identidade.API", "src\services\NSE.Identidade.API\NSE.Identidade.API.csproj", "{B821B9D6-F7FD-4D3B-A030-03B88C4D8C85}"
EndProject
Project("{2150E333-8FDC-42A3-9474-1A3956D46DE8}") = "MVC", "MVC", "{F3302100-7D77-46DA-BD7D-E13126337D38}"
EndProject
Project("{9A19103F-16F7-4668-BE54-9A1E7A4F7556}") = "NSE.WebApp.MVC", "src\web\NSE.WebApp.MVC\NSE.WebApp.MVC.csproj", "{AEC4D475-2AFB-4496-AE1C-1308F502268B}"
EndProject
Project("{2150E333-8FDC-42A3-9474-1A3956D46DE8}") = "Core", "Core", "{FAF5471B-05B3-46B1-B94D-CF797A1086BC}"
EndProject
Project("{9A19103F-16F7-4668-BE54-9A1E7A4F7556}") = "NSE.Core", "src\building blocks\NSE.Core\NSE.Core.csproj", "{D01EC8D3-40A5-414A-8995-02F61A5421F7}"
EndProject
Project("{2150E333-8FDC-42A3-9474-1A3956D46DE8}") = "Carrinho", "Carrinho", "{3BB201A7-4F58-489F-A167-335DAFC493D5}"
EndProject
Project("{9A19103F-16F7-4668-BE54-9A1E7A4F7556}") = "NSE.Carrinho.API", "src\services\NSE.Carrinho.API\NSE.Carrinho.API.csproj", "{E01570B3-2E58-419D-9F73-5A7A2F5C0CCE}"
EndProject
Project("{2150E333-8FDC-42A3-9474-1A3956D46DE8}") = "Catalogo", "Catalogo", "{57614243-89C2-4885-8334-7CCA829618FB}"
EndProject
Project("{9A19103F-16F7-4668-BE54-9A1E7A4F7556}") = "NSE.Catalogo.API", "src\services\NSE.Catalogo.API\NSE.Catalogo.API.csproj", "{5777CF96-6992-4408-B97A-6CC44D4335D2}"
EndProject
Project("{2150E333-8FDC-42A3-9474-1A3956D46DE8}") = "Cliente", "Cliente", "{173010BB-1568-45C0-8646-D9C1980B1D9E}"
EndProject
Project("{9A19103F-16F7-4668-BE54-9A1E7A4F7556}") = "NSE.Clientes.API", "src\services\NSE.Cliente.API\NSE.Clientes.API.csproj", "{EE2E9DE1-FC52-4A33-BF39-1405A073AF08}"
EndProject
Project("{2150E333-8FDC-42A3-9474-1A3956D46DE8}") = "Pagamento", "Pagamento", "{A10920F9-3D3B-4325-90FA-D1E1DEB6A279}"
EndProject
Project("{9A19103F-16F7-4668-BE54-9A1E7A4F7556}") = "NSE.Pagamento.API", "src\services\NSE.Pagamento.API\NSE.Pagamento.API.csproj", "{4A3FE44D-7B37-4D26-A581-6B2B064F6C6F}"
EndProject
Project("{2150E333-8FDC-42A3-9474-1A3956D46DE8}") = "Pedido", "Pedido", "{29987AE0-B389-4E94-982C-735FEBAA20AC}"
EndProject
Project("{9A19103F-16F7-4668-BE54-9A1E7A4F7556}") = "NSE.Pedido.API", "src\services\NSE.Pedido.API\NSE.Pedido.API.csproj", "{3C5C326A-05D3-44DF-A60F-301AB7B90B92}"
EndProject
Project("{2150E333-8FDC-42A3-9474-1A3956D46DE8}") = "Services", "Services", "{0453CFAB-C473-4FC0-B8DA-850F1D554CD0}"
EndProject
Project("{9A19103F-16F7-4668-BE54-9A1E7A4F7556}") = "NSE.WebAPI.Core", "src\building blocks\NSE.WebAPI.Core\NSE.WebAPI.Core.csproj", "{EE62128E-1FD0-44CE-8E00-93923F431235}"
EndProject
Project("{2150E333-8FDC-42A3-9474-1A3956D46DE8}") = "MessageBus", "MessageBus", "{760B6FD3-522F-4008-B727-05AB19819310}"
EndProject
Project("{FAE04EC0-301F-11D3-BF4B-00C04F79EFBC}") = "NSE.MessageBus", "src\building blocks\NSE.MessageBus\NSE.MessageBus.csproj", "{5CB5C53B-1457-4B61-BC05-CD31D2621B6C}"
EndProject
Global
	GlobalSection(SolutionConfigurationPlatforms) = preSolution
		Debug|Any CPU = Debug|Any CPU
		Release|Any CPU = Release|Any CPU
	EndGlobalSection
	GlobalSection(ProjectConfigurationPlatforms) = postSolution
		{B821B9D6-F7FD-4D3B-A030-03B88C4D8C85}.Debug|Any CPU.ActiveCfg = Debug|Any CPU
		{B821B9D6-F7FD-4D3B-A030-03B88C4D8C85}.Debug|Any CPU.Build.0 = Debug|Any CPU
		{B821B9D6-F7FD-4D3B-A030-03B88C4D8C85}.Release|Any CPU.ActiveCfg = Release|Any CPU
		{B821B9D6-F7FD-4D3B-A030-03B88C4D8C85}.Release|Any CPU.Build.0 = Release|Any CPU
		{AEC4D475-2AFB-4496-AE1C-1308F502268B}.Debug|Any CPU.ActiveCfg = Debug|Any CPU
		{AEC4D475-2AFB-4496-AE1C-1308F502268B}.Debug|Any CPU.Build.0 = Debug|Any CPU
		{AEC4D475-2AFB-4496-AE1C-1308F502268B}.Release|Any CPU.ActiveCfg = Release|Any CPU
		{AEC4D475-2AFB-4496-AE1C-1308F502268B}.Release|Any CPU.Build.0 = Release|Any CPU
		{D01EC8D3-40A5-414A-8995-02F61A5421F7}.Debug|Any CPU.ActiveCfg = Debug|Any CPU
		{D01EC8D3-40A5-414A-8995-02F61A5421F7}.Debug|Any CPU.Build.0 = Debug|Any CPU
		{D01EC8D3-40A5-414A-8995-02F61A5421F7}.Release|Any CPU.ActiveCfg = Release|Any CPU
		{D01EC8D3-40A5-414A-8995-02F61A5421F7}.Release|Any CPU.Build.0 = Release|Any CPU
		{E01570B3-2E58-419D-9F73-5A7A2F5C0CCE}.Debug|Any CPU.ActiveCfg = Debug|Any CPU
		{E01570B3-2E58-419D-9F73-5A7A2F5C0CCE}.Debug|Any CPU.Build.0 = Debug|Any CPU
		{E01570B3-2E58-419D-9F73-5A7A2F5C0CCE}.Release|Any CPU.ActiveCfg = Release|Any CPU
		{E01570B3-2E58-419D-9F73-5A7A2F5C0CCE}.Release|Any CPU.Build.0 = Release|Any CPU
		{5777CF96-6992-4408-B97A-6CC44D4335D2}.Debug|Any CPU.ActiveCfg = Debug|Any CPU
		{5777CF96-6992-4408-B97A-6CC44D4335D2}.Debug|Any CPU.Build.0 = Debug|Any CPU
		{5777CF96-6992-4408-B97A-6CC44D4335D2}.Release|Any CPU.ActiveCfg = Release|Any CPU
		{5777CF96-6992-4408-B97A-6CC44D4335D2}.Release|Any CPU.Build.0 = Release|Any CPU
		{EE2E9DE1-FC52-4A33-BF39-1405A073AF08}.Debug|Any CPU.ActiveCfg = Debug|Any CPU
		{EE2E9DE1-FC52-4A33-BF39-1405A073AF08}.Debug|Any CPU.Build.0 = Debug|Any CPU
		{EE2E9DE1-FC52-4A33-BF39-1405A073AF08}.Release|Any CPU.ActiveCfg = Release|Any CPU
		{EE2E9DE1-FC52-4A33-BF39-1405A073AF08}.Release|Any CPU.Build.0 = Release|Any CPU
		{4A3FE44D-7B37-4D26-A581-6B2B064F6C6F}.Debug|Any CPU.ActiveCfg = Debug|Any CPU
		{4A3FE44D-7B37-4D26-A581-6B2B064F6C6F}.Debug|Any CPU.Build.0 = Debug|Any CPU
		{4A3FE44D-7B37-4D26-A581-6B2B064F6C6F}.Release|Any CPU.ActiveCfg = Release|Any CPU
		{4A3FE44D-7B37-4D26-A581-6B2B064F6C6F}.Release|Any CPU.Build.0 = Release|Any CPU
		{3C5C326A-05D3-44DF-A60F-301AB7B90B92}.Debug|Any CPU.ActiveCfg = Debug|Any CPU
		{3C5C326A-05D3-44DF-A60F-301AB7B90B92}.Debug|Any CPU.Build.0 = Debug|Any CPU
		{3C5C326A-05D3-44DF-A60F-301AB7B90B92}.Release|Any CPU.ActiveCfg = Release|Any CPU
		{3C5C326A-05D3-44DF-A60F-301AB7B90B92}.Release|Any CPU.Build.0 = Release|Any CPU
		{EE62128E-1FD0-44CE-8E00-93923F431235}.Debug|Any CPU.ActiveCfg = Debug|Any CPU
		{EE62128E-1FD0-44CE-8E00-93923F431235}.Debug|Any CPU.Build.0 = Debug|Any CPU
		{EE62128E-1FD0-44CE-8E00-93923F431235}.Release|Any CPU.ActiveCfg = Release|Any CPU
		{EE62128E-1FD0-44CE-8E00-93923F431235}.Release|Any CPU.Build.0 = Release|Any CPU
		{5CB5C53B-1457-4B61-BC05-CD31D2621B6C}.Debug|Any CPU.ActiveCfg = Debug|Any CPU
		{5CB5C53B-1457-4B61-BC05-CD31D2621B6C}.Debug|Any CPU.Build.0 = Debug|Any CPU
		{5CB5C53B-1457-4B61-BC05-CD31D2621B6C}.Release|Any CPU.ActiveCfg = Release|Any CPU
		{5CB5C53B-1457-4B61-BC05-CD31D2621B6C}.Release|Any CPU.Build.0 = Release|Any CPU
	EndGlobalSection
	GlobalSection(SolutionProperties) = preSolution
		HideSolutionNode = FALSE
	EndGlobalSection
	GlobalSection(NestedProjects) = preSolution
		{836243D4-0B2D-4040-8C2A-5BCBB8095C02} = {865738B6-C2A9-4A6D-8FA9-07F2CF6754A5}
		{1C5D5202-8C37-4848-8C68-12E77ABF00BE} = {865738B6-C2A9-4A6D-8FA9-07F2CF6754A5}
		{57D5F51B-440D-44A0-9299-1AB8AF0E835E} = {865738B6-C2A9-4A6D-8FA9-07F2CF6754A5}
		{75DBF52A-1803-40D0-8CC1-C3A6F2F113C8} = {1C5D5202-8C37-4848-8C68-12E77ABF00BE}
		{B821B9D6-F7FD-4D3B-A030-03B88C4D8C85} = {75DBF52A-1803-40D0-8CC1-C3A6F2F113C8}
		{F3302100-7D77-46DA-BD7D-E13126337D38} = {57D5F51B-440D-44A0-9299-1AB8AF0E835E}
		{AEC4D475-2AFB-4496-AE1C-1308F502268B} = {F3302100-7D77-46DA-BD7D-E13126337D38}
		{FAF5471B-05B3-46B1-B94D-CF797A1086BC} = {836243D4-0B2D-4040-8C2A-5BCBB8095C02}
		{D01EC8D3-40A5-414A-8995-02F61A5421F7} = {FAF5471B-05B3-46B1-B94D-CF797A1086BC}
		{3BB201A7-4F58-489F-A167-335DAFC493D5} = {1C5D5202-8C37-4848-8C68-12E77ABF00BE}
		{E01570B3-2E58-419D-9F73-5A7A2F5C0CCE} = {3BB201A7-4F58-489F-A167-335DAFC493D5}
		{57614243-89C2-4885-8334-7CCA829618FB} = {1C5D5202-8C37-4848-8C68-12E77ABF00BE}
		{5777CF96-6992-4408-B97A-6CC44D4335D2} = {57614243-89C2-4885-8334-7CCA829618FB}
		{173010BB-1568-45C0-8646-D9C1980B1D9E} = {1C5D5202-8C37-4848-8C68-12E77ABF00BE}
		{EE2E9DE1-FC52-4A33-BF39-1405A073AF08} = {173010BB-1568-45C0-8646-D9C1980B1D9E}
		{A10920F9-3D3B-4325-90FA-D1E1DEB6A279} = {1C5D5202-8C37-4848-8C68-12E77ABF00BE}
		{4A3FE44D-7B37-4D26-A581-6B2B064F6C6F} = {A10920F9-3D3B-4325-90FA-D1E1DEB6A279}
		{29987AE0-B389-4E94-982C-735FEBAA20AC} = {1C5D5202-8C37-4848-8C68-12E77ABF00BE}
		{3C5C326A-05D3-44DF-A60F-301AB7B90B92} = {29987AE0-B389-4E94-982C-735FEBAA20AC}
		{0453CFAB-C473-4FC0-B8DA-850F1D554CD0} = {836243D4-0B2D-4040-8C2A-5BCBB8095C02}
		{EE62128E-1FD0-44CE-8E00-93923F431235} = {0453CFAB-C473-4FC0-B8DA-850F1D554CD0}
		{760B6FD3-522F-4008-B727-05AB19819310} = {836243D4-0B2D-4040-8C2A-5BCBB8095C02}
		{5CB5C53B-1457-4B61-BC05-CD31D2621B6C} = {760B6FD3-522F-4008-B727-05AB19819310}
	EndGlobalSection
	GlobalSection(ExtensibilityGlobals) = postSolution
		SolutionGuid = {249A2C55-C4A2-4E41-979E-7C9031656110}
	EndGlobalSection
EndGlobal
